<?xml version="1.0" encoding="utf-8"?>
<Project ToolsVersion="4.0" xmlns="http://schemas.microsoft.com/developer/msbuild/2003">
  <ItemGroup>
    <Filter Include="Header Files">
      <UniqueIdentifier>{93995380-89BD-4b04-88EB-625FBE52EBFB}</UniqueIdentifier>
      <Extensions>h;hh;hpp;hxx;h++;hm;inl;inc;ipp;xsd</Extensions>
    </Filter>
    <Filter Include="Resource Files">
      <UniqueIdentifier>{67DA6AB6-F800-4c08-8B7A-83BB121AAD01}</UniqueIdentifier>
      <Extensions>rc;ico;cur;bmp;dlg;rc2;rct;bin;rgs;gif;jpg;jpeg;jpe;resx;tiff;tif;png;wav;mfcribbon-ms</Extensions>
    </Filter>
    <Filter Include="Actions">
      <UniqueIdentifier>{bd423dbf-eb1c-4b0e-bee9-6adfd70b0dc9}</UniqueIdentifier>
    </Filter>
    <Filter Include="Battle">
      <UniqueIdentifier>{8e965647-c628-426c-b2bb-cf36fc62361b}</UniqueIdentifier>
    </Filter>
    <Filter Include="Core">
      <UniqueIdentifier>{9d8e35f1-601a-4e10-a119-0ff74f57d116}</UniqueIdentifier>
    </Filter>
    <Filter Include="UI">
      <UniqueIdentifier>{79e9f817-280c-482d-8004-428404d509fb}</UniqueIdentifier>
    </Filter>
    <Filter Include="Entities">
      <UniqueIdentifier>{9b4d6f5e-abb1-4421-9253-b88ee1cdfc02}</UniqueIdentifier>
    </Filter>
    <Filter Include="Core\Effects">
      <UniqueIdentifier>{fd430ead-c42e-4753-ac67-ff41d1a3ab9e}</UniqueIdentifier>
    </Filter>
    <Filter Include="Items">
      <UniqueIdentifier>{667afe70-f072-4d62-bb71-554d3d69aac0}</UniqueIdentifier>
    </Filter>
    <Filter Include="Dungeon">
      <UniqueIdentifier>{5040fb14-5f4e-4a85-93e9-9fcc7b7ee69f}</UniqueIdentifier>
    </Filter>
    <Filter Include="Vestiges">
      <UniqueIdentifier>{c4eda504-ef97-43d5-a1b9-e15b80670c48}</UniqueIdentifier>
    </Filter>
    <Filter Include="Summons">
      <UniqueIdentifier>{19f5f76b-4c10-4d0d-a93d-ea3b0e9eab79}</UniqueIdentifier>
    </Filter>
    <Filter Include="Characters">
      <UniqueIdentifier>{c4d2a347-8f5a-4a90-9805-684e06205cf5}</UniqueIdentifier>
    </Filter>
    <Filter Include="Source Files">
      <UniqueIdentifier>{4FC737F1-C7A5-4376-A066-2A32D752A2FF}</UniqueIdentifier>
      <Extensions>cpp;c;cc;cxx;c++;cppm;ixx;def;odl;idl;hpj;bat;asm;asmx</Extensions>
    </Filter>
    <Filter Include="nlohmann">
      <UniqueIdentifier>{069265f7-5eeb-4b4f-9742-17577d708dc8}</UniqueIdentifier>
    </Filter>
    <Filter Include="data">
      <UniqueIdentifier>{2371734d-a1dc-4f7c-9604-f27a2c66721c}</UniqueIdentifier>
    </Filter>
  </ItemGroup>
  <ItemGroup>
    <ClCompile Include="src\main.cpp">
      <Filter>Source Files</Filter>
    </ClCompile>
    <ClCompile Include="src\Actions\BasicStrikeAction.cpp">
      <Filter>Actions</Filter>
    </ClCompile>
    <ClCompile Include="src\Actions\SkillAction.cpp">
      <Filter>Actions</Filter>
    </ClCompile>
    <ClCompile Include="src\Actions\UltimateAction.cpp">
      <Filter>Actions</Filter>
    </ClCompile>
    <ClCompile Include="src\Battle\Battle.cpp">
      <Filter>Battle</Filter>
    </ClCompile>
    <ClCompile Include="src\Entities\Enemy.cpp">
      <Filter>Entities</Filter>
    </ClCompile>
    <ClCompile Include="src\Entities\IAIStrategy.cpp">
      <Filter>Entities</Filter>
    </ClCompile>
    <ClCompile Include="src\Entities\Party.cpp">
      <Filter>Entities</Filter>
    </ClCompile>
    <ClCompile Include="src\Entities\PlayableCharacter.cpp">
      <Filter>Entities</Filter>
    </ClCompile>
    <ClCompile Include="src\Entities\Slime.cpp">
      <Filter>Entities</Filter>
    </ClCompile>
    <ClCompile Include="src\Entities\StoneGolem.cpp">
      <Filter>Entities</Filter>
    </ClCompile>
    <ClCompile Include="src\Entities\Unit.cpp">
      <Filter>Entities</Filter>
    </ClCompile>
    <ClCompile Include="src\Entities\VampireBat.cpp">
      <Filter>Entities</Filter>
    </ClCompile>
    <ClCompile Include="src\UI\ConsoleRenderer.cpp">
      <Filter>UI</Filter>
    </ClCompile>
    <ClCompile Include="src\Battle\SpeedBasedTurnOrderCalculator.cpp">
      <Filter>Battle</Filter>
    </ClCompile>
    <ClCompile Include="src\Core\StatusEffectBase.cpp">
      <Filter>Core</Filter>
    </ClCompile>
    <ClCompile Include="src\Core\Effects\BurnEffect.cpp">
      <Filter>Core\Effects</Filter>
    </ClCompile>
    <ClCompile Include="src\Core\Effects\RegenEffect.cpp">
      <Filter>Core\Effects</Filter>
    </ClCompile>
    <ClCompile Include="src\Core\Effects\ShieldEffect.cpp">
      <Filter>Core\Effects</Filter>
    </ClCompile>
    <ClCompile Include="src\Core\Effects\SlowEffect.cpp">
      <Filter>Core\Effects</Filter>
    </ClCompile>
    <ClCompile Include="src\Battle\ResonanceField.cpp">
      <Filter>Battle</Filter>
    </ClCompile>
    <ClCompile Include="src\UI\ConsoleInputHandler.cpp">
      <Filter>UI</Filter>
    </ClCompile>
    <ClCompile Include="src\Actions\VentAction.cpp">
      <Filter>Actions</Filter>
    </ClCompile>
    <ClCompile Include="src\Items\Inventory.cpp">
      <Filter>Items</Filter>
    </ClCompile>
    <ClCompile Include="src\Actions\UseConsumableAction.cpp">
      <Filter>Actions</Filter>
    </ClCompile>
    <ClCompile Include="src\Battle\TargetingHeuristics.cpp">
      <Filter>Battle</Filter>
    </ClCompile>
    <ClCompile Include="src\Core\RunContext.cpp">
      <Filter>Core</Filter>
    </ClCompile>
    <ClCompile Include="src\Core\EventBus.cpp">
      <Filter>Core</Filter>
    </ClCompile>
    <ClCompile Include="src\Battle\FormationManager.cpp">
      <Filter>Battle</Filter>
    </ClCompile>
    <ClCompile Include="src\Dungeon\BattleNode.cpp">
      <Filter>Dungeon</Filter>
    </ClCompile>
    <ClCompile Include="src\Dungeon\BossNode.cpp">
      <Filter>Dungeon</Filter>
    </ClCompile>
    <ClCompile Include="src\Dungeon\Dungeon.cpp">
      <Filter>Dungeon</Filter>
    </ClCompile>
    <ClCompile Include="src\Dungeon\EliteNode.cpp">
      <Filter>Dungeon</Filter>
    </ClCompile>
    <ClCompile Include="src\Dungeon\EventNode.cpp">
      <Filter>Dungeon</Filter>
    </ClCompile>
    <ClCompile Include="src\Dungeon\RestNode.cpp">
      <Filter>Dungeon</Filter>
    </ClCompile>
    <ClCompile Include="src\Dungeon\TreasureNode.cpp">
      <Filter>Dungeon</Filter>
    </ClCompile>
    <ClCompile Include="src\Core\MetaProgress.cpp">
      <Filter>Core</Filter>
    </ClCompile>
    <ClCompile Include="src\Vestiges\EchoingStrikeVestige.cpp">
      <Filter>Vestiges</Filter>
    </ClCompile>
    <ClCompile Include="src\Vestiges\FlameResonanceVestige.cpp">
      <Filter>Vestiges</Filter>
    </ClCompile>
    <ClCompile Include="src\Vestiges\ToughnessBreakerVestige.cpp">
      <Filter>Vestiges</Filter>
    </ClCompile>
    <ClCompile Include="src\Vestiges\AttunistGambitVestige.cpp">
      <Filter>Vestiges</Filter>
    </ClCompile>
    <ClCompile Include="src\Vestiges\VestigeOfTheUnbound.cpp">
      <Filter>Vestiges</Filter>
    </ClCompile>
    <ClCompile Include="src\Vestiges\VestigeFactory.cpp">
      <Filter>Vestiges</Filter>
    </ClCompile>
    <ClCompile Include="src\Core\AchievementSystem.cpp">
      <Filter>Core</Filter>
    </ClCompile>
    <ClCompile Include="src\Summons\SummonRegistry.cpp">
      <Filter>Summons</Filter>
    </ClCompile>
    <ClCompile Include="src\Entities\Summon.cpp">
      <Filter>Entities</Filter>
    </ClCompile>
    <ClCompile Include="src\Actions\EmberCallAction.cpp">
      <Filter>Actions</Filter>
    </ClCompile>
    <ClCompile Include="src\Battle\StanceModifiers.cpp">
      <Filter>Battle</Filter>
    </ClCompile>
    <ClCompile Include="src\Core\DataLoader.cpp">
      <Filter>Core</Filter>
    </ClCompile>
    <ClCompile Include="src\Items\ItemRegistry.cpp">
      <Filter>Items</Filter>
    </ClCompile>
    <ClCompile Include="src\Dungeon\EncounterTable.cpp">
      <Filter>Dungeon</Filter>
    </ClCompile>
    <ClCompile Include="src\Entities\EnemyRegistry.cpp">
      <Filter>Entities</Filter>
    </ClCompile>
    <ClCompile Include="src\Characters\AbilityRegistry.cpp">
      <Filter>Characters</Filter>
    </ClCompile>
    <ClCompile Include="src\Characters\CharacterRegistry.cpp">
      <Filter>Characters</Filter>
    </ClCompile>
  </ItemGroup>
  <ItemGroup>
    <ClInclude Include="src\Actions\BasicStrikeAction.h">
      <Filter>Actions</Filter>
    </ClInclude>
    <ClInclude Include="src\Actions\IAction.h">
      <Filter>Actions</Filter>
    </ClInclude>
    <ClInclude Include="src\Actions\SkillAction.h">
      <Filter>Actions</Filter>
    </ClInclude>
    <ClInclude Include="src\Actions\UltimateAction.h">
      <Filter>Actions</Filter>
    </ClInclude>
    <ClInclude Include="src\Battle\Battle.h">
      <Filter>Battle</Filter>
    </ClInclude>
    <ClInclude Include="src\Core\ActionResult.h">
      <Filter>Core</Filter>
    </ClInclude>
    <ClInclude Include="src\Core\Affinity.h">
      <Filter>Core</Filter>
    </ClInclude>
    <ClInclude Include="src\Core\CombatConstants.h">
      <Filter>Core</Filter>
    </ClInclude>
    <ClInclude Include="src\Core\Drop.h">
      <Filter>Core</Filter>
    </ClInclude>
    <ClInclude Include="src\Core\Stats.h">
      <Filter>Core</Filter>
    </ClInclude>
    <ClInclude Include="src\Core\TargetInfo.h">
      <Filter>Core</Filter>
    </ClInclude>
    <ClInclude Include="src\Entities\Enemy.h">
      <Filter>Entities</Filter>
    </ClInclude>
    <ClInclude Include="src\Entities\IAIStrategy.h">
      <Filter>Entities</Filter>
    </ClInclude>
    <ClInclude Include="src\Entities\Party.h">
      <Filter>Entities</Filter>
    </ClInclude>
    <ClInclude Include="src\Entities\PlayableCharacter.h">
      <Filter>Entities</Filter>
    </ClInclude>
    <ClInclude Include="src\Entities\Slime.h">
      <Filter>Entities</Filter>
    </ClInclude>
    <ClInclude Include="src\Entities\StoneGolem.h">
      <Filter>Entities</Filter>
    </ClInclude>
    <ClInclude Include="src\Entities\Unit.h">
      <Filter>Entities</Filter>
    </ClInclude>
    <ClInclude Include="src\Entities\VampireBat.h">
      <Filter>Entities</Filter>
    </ClInclude>
    <ClInclude Include="src\UI\ConsoleRenderer.h">
      <Filter>UI</Filter>
    </ClInclude>
    <ClInclude Include="src\Core\PartyResources.h">
      <Filter>Core</Filter>
    </ClInclude>
    <ClInclude Include="src\Core\ResourceStats.h">
      <Filter>Core</Filter>
    </ClInclude>
    <ClInclude Include="src\Battle\ITurnOrderCalculator.h">
      <Filter>Battle</Filter>
    </ClInclude>
    <ClInclude Include="src\Battle\SpeedBasedTurnOrderCalculator.h">
      <Filter>Battle</Filter>
    </ClInclude>
    <ClInclude Include="src\Battle\TurnSlot.h">
      <Filter>Battle</Filter>
    </ClInclude>
    <ClInclude Include="src\Core\StatusEffectBase.h">
      <Filter>Core</Filter>
    </ClInclude>
    <ClInclude Include="src\Core\EffectIds.h">
      <Filter>Core</Filter>
    </ClInclude>
    <ClInclude Include="src\Core\IStatusEffect.h">
      <Filter>Core</Filter>
    </ClInclude>
    <ClInclude Include="src\Core\CombatUtils.h">
      <Filter>Core</Filter>
    </ClInclude>
    <ClInclude Include="src\Core\Effects\BurnEffect.h">
      <Filter>Core\Effects</Filter>
    </ClInclude>
    <ClInclude Include="src\Core\Effects\RegenEffect.h">
      <Filter>Core\Effects</Filter>
    </ClInclude>
    <ClInclude Include="src\Core\Effects\ShieldEffect.h">
      <Filter>Core\Effects</Filter>
    </ClInclude>
    <ClInclude Include="src\Core\Effects\SlowEffect.h">
      <Filter>Core\Effects</Filter>
    </ClInclude>
    <ClInclude Include="src\Core\ActionData.h">
      <Filter>Core</Filter>
    </ClInclude>
    <ClInclude Include="src\Core\ScalingStat.h">
      <Filter>Core</Filter>
    </ClInclude>
    <ClInclude Include="src\Core\TargetMode.h">
      <Filter>Core</Filter>
    </ClInclude>
    <ClInclude Include="src\Battle\ResonanceField.h">
      <Filter>Battle</Filter>
    </ClInclude>
    <ClInclude Include="src\UI\ConsoleInputHandler.h">
      <Filter>UI</Filter>
    </ClInclude>
    <ClInclude Include="src\UI\IInputHandler.h">
      <Filter>UI</Filter>
    </ClInclude>
    <ClInclude Include="src\UI\IRenderer.h">
      <Filter>UI</Filter>
    </ClInclude>
    <ClInclude Include="src\Actions\VentAction.h">
      <Filter>Actions</Filter>
    </ClInclude>
    <ClInclude Include="src\Battle\BattleState.h">
      <Filter>Battle</Filter>
    </ClInclude>
    <ClInclude Include="src\Actions\SlotState.h">
      <Filter>Actions</Filter>
    </ClInclude>
    <ClInclude Include="src\Items\Inventory.h">
      <Filter>Items</Filter>
    </ClInclude>
    <ClInclude Include="src\Items\Item.h">
      <Filter>Items</Filter>
    </ClInclude>
    <ClInclude Include="src\Actions\UseConsumableAction.h">
      <Filter>Actions</Filter>
    </ClInclude>
    <ClInclude Include="src\Battle\TargetingHeuristics.h">
      <Filter>Battle</Filter>
    </ClInclude>
    <ClInclude Include="src\Core\RunContext.h">
      <Filter>Core</Filter>
    </ClInclude>
    <ClInclude Include="src\Core\BehaviorSignal.h">
      <Filter>Core</Filter>
    </ClInclude>
    <ClInclude Include="src\Core\BattleEvents.h">
      <Filter>Core</Filter>
    </ClInclude>
    <ClInclude Include="src\Core\EventBus.h">
      <Filter>Core</Filter>
    </ClInclude>
    <ClInclude Include="src\Battle\FormationManager.h">
      <Filter>Battle</Filter>
    </ClInclude>
    <ClInclude Include="src\Dungeon\BattleNode.h">
      <Filter>Dungeon</Filter>
    </ClInclude>
    <ClInclude Include="src\Dungeon\BossNode.h">
      <Filter>Dungeon</Filter>
    </ClInclude>
    <ClInclude Include="src\Dungeon\Dungeon.h">
      <Filter>Dungeon</Filter>
    </ClInclude>
    <ClInclude Include="src\Dungeon\EliteNode.h">
      <Filter>Dungeon</Filter>
    </ClInclude>
    <ClInclude Include="src\Dungeon\EventNode.h">
      <Filter>Dungeon</Filter>
    </ClInclude>
    <ClInclude Include="src\Dungeon\MapNode.h">
      <Filter>Dungeon</Filter>
    </ClInclude>
    <ClInclude Include="src\Dungeon\RestNode.h">
      <Filter>Dungeon</Filter>
    </ClInclude>
    <ClInclude Include="src\Dungeon\TreasureNode.h">
      <Filter>Dungeon</Filter>
    </ClInclude>
    <ClInclude Include="src\Core\MetaProgress.h">
      <Filter>Core</Filter>
    </ClInclude>
    <ClInclude Include="src\Vestiges\IVestige.h">
      <Filter>Vestiges</Filter>
    </ClInclude>
    <ClInclude Include="src\Vestiges\EchoingStrikeVestige.h">
      <Filter>Vestiges</Filter>
    </ClInclude>
    <ClInclude Include="src\Vestiges\FlameResonanceVestige.h">
      <Filter>Vestiges</Filter>
    </ClInclude>
    <ClInclude Include="src\Vestiges\ToughnessBreakerVestige.h">
      <Filter>Vestiges</Filter>
    </ClInclude>
    <ClInclude Include="src\Vestiges\AttunistGambitVestige.h">
      <Filter>Vestiges</Filter>
    </ClInclude>
    <ClInclude Include="src\Vestiges\VestigeOfTheUnbound.h">
      <Filter>Vestiges</Filter>
    </ClInclude>
    <ClInclude Include="src\Vestiges\VestigeFactory.h">
      <Filter>Vestiges</Filter>
    </ClInclude>
    <ClInclude Include="src\Core\AchievementSystem.h">
      <Filter>Core</Filter>
    </ClInclude>
    <ClInclude Include="src\Summons\SummonAction.h">
      <Filter>Summons</Filter>
    </ClInclude>
    <ClInclude Include="src\Summons\SummonDefinition.h">
      <Filter>Summons</Filter>
    </ClInclude>
    <ClInclude Include="src\Summons\SummonRegistry.h">
      <Filter>Summons</Filter>
    </ClInclude>
    <ClInclude Include="src\Entities\Summon.h">
      <Filter>Entities</Filter>
    </ClInclude>
    <ClInclude Include="src\Summons\Ignis.h">
      <Filter>Summons</Filter>
    </ClInclude>
    <ClInclude Include="src\Actions\EmberCallAction.h">
      <Filter>Actions</Filter>
    </ClInclude>
    <ClInclude Include="src\Characters\Lyra.h">
      <Filter>Characters</Filter>
    </ClInclude>
    <ClInclude Include="src\Battle\StanceModifiers.h">
      <Filter>Battle</Filter>
    </ClInclude>
    <ClInclude Include="src\Core\DataLoader.h">
      <Filter>Core</Filter>
    </ClInclude>
    <ClInclude Include="src\Items\ItemRegistry.h">
      <Filter>Items</Filter>
    </ClInclude>
    <ClInclude Include="src\Dungeon\EncounterTable.h">
      <Filter>Dungeon</Filter>
    </ClInclude>
    <ClInclude Include="src\Entities\EnemyRegistry.h">
      <Filter>Entities</Filter>
    </ClInclude>
    <ClInclude Include="nlohmann\json.hpp">
      <Filter>nlohmann</Filter>
    </ClInclude>
    <ClInclude Include="src\Characters\AbilityRegistry.h">
      <Filter>Characters</Filter>
    </ClInclude>
    <ClInclude Include="src\Characters\CharacterRegistry.h">
      <Filter>Characters</Filter>
    </ClInclude>
    <ClInclude Include="src\Characters\Vex.h">
      <Filter>Characters</Filter>
    </ClInclude>
  </ItemGroup>
  <ItemGroup>
    <None Include="data\items.json">
      <Filter>data</Filter>
    </None>
    <None Include="data\encounters.json">
      <Filter>data</Filter>
    </None>
    <None Include="data\enemies.json">
      <Filter>data</Filter>
    </None>
    <None Include="data\characters.json">
      <Filter>data</Filter>
    </None>
  </ItemGroup>
</Project>