<?xml version="1.0" encoding="utf-8"?>
<Project ToolsVersion="4.0" xmlns="http://schemas.microsoft.com/developer/msbuild/2003">
  <ItemGroup>
    <Filter Include="Header Files">
      <UniqueIdentifier>{93995380-89BD-4b04-88EB-625FBE52EBFB}</UniqueIdentifier>
      <Extensions>h;hh;hpp;hxx;h++;hm;inl;inc;ipp;xsd</Extensions>
    </Filter>
    <Filter Include="Resource Files">
      <UniqueIdentifier>{67DA6AB6-F800-4c08-8B7A-83BB121AAD01}</UniqueIdentifier>
      <Extensions>rc;ico;cur;bmp;dlg;rc2;rct;bin;rgs;gif;jpg;jpeg;jpe;resx;tiff;tif;png;wav;mfcribbon-ms</Extensions>
    </Filter>
    <Filter Include="Actions">
      <UniqueIdentifier>{72320b38-babe-4269-839d-cf2db10afef8}</UniqueIdentifier>
    </Filter>
    <Filter Include="Battle">
      <UniqueIdentifier>{90479a69-1826-4915-aaa2-b2c0c7819ddb}</UniqueIdentifier>
    </Filter>
    <Filter Include="Core">
      <UniqueIdentifier>{2af2ffed-0505-4b6b-b9e5-cb98686625dd}</UniqueIdentifier>
    </Filter>
    <Filter Include="Entities">
      <UniqueIdentifier>{3f82ded4-7f83-4cef-9c37-18e73802cf89}</UniqueIdentifier>
    </Filter>
    <Filter Include="Source Files">
      <UniqueIdentifier>{da23ee41-65a3-4091-8e64-4bbcf222a2c0}</UniqueIdentifier>
    </Filter>
    <Filter Include="UI">
      <UniqueIdentifier>{af454ba7-7fc8-48d8-ab26-e4fd993fca23}</UniqueIdentifier>
    </Filter>
    <Filter Include="Core\Effects">
      <UniqueIdentifier>{c85d8697-1075-4dff-b2b8-4b69b6576866}</UniqueIdentifier>
    </Filter>
    <Filter Include="Items">
      <UniqueIdentifier>{581d3f18-5fb9-4bcf-ae4e-9f296792e757}</UniqueIdentifier>
    </Filter>
    <Filter Include="Dungeon">
      <UniqueIdentifier>{d4ae6c4f-dc2e-4e8e-a258-aa04054ef5dc}</UniqueIdentifier>
    </Filter>
    <Filter Include="Vestiges">
      <UniqueIdentifier>{3e0d678e-548b-436b-9877-a945c2dc02a3}</UniqueIdentifier>
    </Filter>
    <Filter Include="Summons">
      <UniqueIdentifier>{9743ac8f-c529-4022-9c04-85e7f8037460}</UniqueIdentifier>
    </Filter>
    <Filter Include="Characters">
      <UniqueIdentifier>{6e070a3e-e194-4ede-bdd3-fb92eb8fd4ee}</UniqueIdentifier>
    </Filter>
  </ItemGroup>
  <ItemGroup>
    <ClCompile Include="tests\Actions\test_BasicStrikeAction.cpp">
      <Filter>Actions</Filter>
    </ClCompile>
    <ClCompile Include="tests\Actions\test_SkillAction.cpp">
      <Filter>Actions</Filter>
    </ClCompile>
    <ClCompile Include="tests\Actions\test_UltimateAction.cpp">
      <Filter>Actions</Filter>
    </ClCompile>
    <ClCompile Include="tests\Battle\test_TurnOrder.cpp">
      <Filter>Battle</Filter>
    </ClCompile>
    <ClCompile Include="tests\Core\test_Affinity.cpp">
      <Filter>Core</Filter>
    </ClCompile>
    <ClCompile Include="tests\Core\test_Stats.cpp">
      <Filter>Core</Filter>
    </ClCompile>
    <ClCompile Include="tests\Entities\test_Enemy.cpp">
      <Filter>Entities</Filter>
    </ClCompile>
    <ClCompile Include="tests\Entities\test_Party.cpp">
      <Filter>Entities</Filter>
    </ClCompile>
    <ClCompile Include="tests\Entities\test_Unit.cpp">
      <Filter>Entities</Filter>
    </ClCompile>
    <ClCompile Include="tests\Entities\test_PlayableCharacter.cpp">
      <Filter>Entities</Filter>
    </ClCompile>
    <ClCompile Include="..\EidolonBreach\src\Entities\Enemy.cpp">
      <Filter>Entities</Filter>
    </ClCompile>
    <ClCompile Include="..\EidolonBreach\src\Entities\IAIStrategy.cpp">
      <Filter>Entities</Filter>
    </ClCompile>
    <ClCompile Include="..\EidolonBreach\src\Entities\Party.cpp">
      <Filter>Entities</Filter>
    </ClCompile>
    <ClCompile Include="..\EidolonBreach\src\Entities\PlayableCharacter.cpp">
      <Filter>Entities</Filter>
    </ClCompile>
    <ClCompile Include="..\EidolonBreach\src\Entities\Slime.cpp">
      <Filter>Entities</Filter>
    </ClCompile>
    <ClCompile Include="..\EidolonBreach\src\Entities\StoneGolem.cpp">
      <Filter>Entities</Filter>
    </ClCompile>
    <ClCompile Include="..\EidolonBreach\src\Entities\Unit.cpp">
      <Filter>Entities</Filter>
    </ClCompile>
    <ClCompile Include="..\EidolonBreach\src\Entities\VampireBat.cpp">
      <Filter>Entities</Filter>
    </ClCompile>
    <ClCompile Include="..\EidolonBreach\src\Battle\Battle.cpp">
      <Filter>Battle</Filter>
    </ClCompile>
    <ClCompile Include="..\EidolonBreach\src\Actions\BasicStrikeAction.cpp">
      <Filter>Actions</Filter>
    </ClCompile>
    <ClCompile Include="..\EidolonBreach\src\Actions\SkillAction.cpp">
      <Filter>Actions</Filter>
    </ClCompile>
    <ClCompile Include="..\EidolonBreach\src\Actions\UltimateAction.cpp">
      <Filter>Actions</Filter>
    </ClCompile>
    <ClCompile Include="tests\EidolonBreach_Tests.cpp" />
    <ClCompile Include="..\EidolonBreach\src\UI\ConsoleRenderer.cpp">
      <Filter>UI</Filter>
    </ClCompile>
    <ClCompile Include="tests\Battle\test_SpeedBasedTurnOrderCalculator.cpp">
      <Filter>Battle</Filter>
    </ClCompile>
    <ClCompile Include="..\EidolonBreach\src\Battle\SpeedBasedTurnOrderCalculator.cpp">
      <Filter>Battle</Filter>
    </ClCompile>
    <ClCompile Include="..\EidolonBreach\src\Core\StatusEffectBase.cpp">
      <Filter>Core</Filter>
    </ClCompile>
    <ClCompile Include="tests\Core\test_StatusEffectBase.cpp">
      <Filter>Core</Filter>
    </ClCompile>
    <ClCompile Include="tests\Core\Effects\test_BurnEffect.cpp">
      <Filter>Core\Effects</Filter>
    </ClCompile>
    <ClCompile Include="tests\Core\Effects\test_RegenEffect.cpp">
      <Filter>Core\Effects</Filter>
    </ClCompile>
    <ClCompile Include="tests\Core\Effects\test_ShieldEffect.cpp">
      <Filter>Core\Effects</Filter>
    </ClCompile>
    <ClCompile Include="tests\Core\Effects\test_SlowEffect.cpp">
      <Filter>Core\Effects</Filter>
    </ClCompile>
    <ClCompile Include="..\EidolonBreach\src\Core\Effects\BurnEffect.cpp">
      <Filter>Core\Effects</Filter>
    </ClCompile>
    <ClCompile Include="..\EidolonBreach\src\Core\Effects\RegenEffect.cpp">
      <Filter>Core\Effects</Filter>
    </ClCompile>
    <ClCompile Include="..\EidolonBreach\src\Core\Effects\ShieldEffect.cpp">
      <Filter>Core\Effects</Filter>
    </ClCompile>
    <ClCompile Include="..\EidolonBreach\src\Core\Effects\SlowEffect.cpp">
      <Filter>Core\Effects</Filter>
    </ClCompile>
    <ClCompile Include="tests\Entities\test_UnitEffects.cpp">
      <Filter>Entities</Filter>
    </ClCompile>
    <ClCompile Include="tests\Core\testActionData.cpp">
      <Filter>Core</Filter>
    </ClCompile>
    <ClCompile Include="tests\Battle\test_ResonanceField.cpp">
      <Filter>Battle</Filter>
    </ClCompile>
    <ClCompile Include="..\EidolonBreach\src\Battle\ResonanceField.cpp">
      <Filter>Battle</Filter>
    </ClCompile>
    <ClCompile Include="tests\Core\test_BattleState.cpp">
      <Filter>Core</Filter>
    </ClCompile>
    <ClCompile Include="tests\Actions\test_VentActions.cpp">
      <Filter>Actions</Filter>
    </ClCompile>
    <ClCompile Include="..\EidolonBreach\src\Actions\VentAction.cpp">
      <Filter>Actions</Filter>
    </ClCompile>
    <ClCompile Include="tests\Entities\test_Exposure.cpp">
      <Filter>Entities</Filter>
    </ClCompile>
    <ClCompile Include="tests\Core\test_ActionResult.cpp">
      <Filter>Core</Filter>
    </ClCompile>
    <ClCompile Include="tests\Items\test_Equipment.cpp">
      <Filter>Items</Filter>
    </ClCompile>
    <ClCompile Include="tests\Items\test_Inventory.cpp">
      <Filter>Items</Filter>
    </ClCompile>
    <ClCompile Include="..\EidolonBreach\src\Items\Inventory.cpp">
      <Filter>Items</Filter>
    </ClCompile>
    <ClCompile Include="tests\Core\test_Drop.cpp">
      <Filter>Core</Filter>
    </ClCompile>
    <ClCompile Include="tests\Battle\test_TargetingHeuristics.cpp">
      <Filter>Battle</Filter>
    </ClCompile>
    <ClCompile Include="..\EidolonBreach\src\Battle\TargetingHeuristics.cpp">
      <Filter>Battle</Filter>
    </ClCompile>
    <ClCompile Include="..\EidolonBreach\src\Actions\UseConsumableAction.cpp">
      <Filter>Actions</Filter>
    </ClCompile>
    <ClCompile Include="tests\Actions\test_UseConsumableAction.cpp">
      <Filter>Actions</Filter>
    </ClCompile>
    <ClCompile Include="tests\Actions\testActionCategory.cpp">
      <Filter>Actions</Filter>
    </ClCompile>
    <ClCompile Include="tests\Entities\test_EnemyBreakMechanics.cpp">
      <Filter>Entities</Filter>
    </ClCompile>
    <ClCompile Include="tests\Core\test_EventBus.cpp">
      <Filter>Core</Filter>
    </ClCompile>
    <ClCompile Include="tests\Core\test_RunContext.cpp">
      <Filter>Core</Filter>
    </ClCompile>
    <ClCompile Include="..\EidolonBreach\src\Core\RunContext.cpp">
      <Filter>Core</Filter>
    </ClCompile>
    <ClCompile Include="..\EidolonBreach\src\Core\EventBus.cpp">
      <Filter>Core</Filter>
    </ClCompile>
    <ClCompile Include="..\EidolonBreach\src\Battle\FormationManager.cpp">
      <Filter>Battle</Filter>
    </ClCompile>
    <ClCompile Include="tests\Battle\test_FormationManager.cpp">
      <Filter>Battle</Filter>
    </ClCompile>
    <ClCompile Include="..\EidolonBreach\src\Vestiges\AttunistGambitVestige.cpp">
      <Filter>Vestiges</Filter>
    </ClCompile>
    <ClCompile Include="..\EidolonBreach\src\Vestiges\EchoingStrikeVestige.cpp">
      <Filter>Vestiges</Filter>
    </ClCompile>
    <ClCompile Include="..\EidolonBreach\src\Vestiges\FlameResonanceVestige.cpp">
      <Filter>Vestiges</Filter>
    </ClCompile>
    <ClCompile Include="..\EidolonBreach\src\Vestiges\ToughnessBreakerVestige.cpp">
      <Filter>Vestiges</Filter>
    </ClCompile>
    <ClCompile Include="..\EidolonBreach\src\Vestiges\VestigeFactory.cpp">
      <Filter>Vestiges</Filter>
    </ClCompile>
    <ClCompile Include="..\EidolonBreach\src\Vestiges\VestigeOfTheUnbound.cpp">
      <Filter>Vestiges</Filter>
    </ClCompile>
    <ClCompile Include="tests\Vestiges\test_Vestiges.cpp">
      <Filter>Vestiges</Filter>
    </ClCompile>
    <ClCompile Include="..\EidolonBreach\src\Summons\SummonRegistry.cpp">
      <Filter>Summons</Filter>
    </ClCompile>
    <ClCompile Include="..\EidolonBreach\src\Entities\Summon.cpp">
      <Filter>Entities</Filter>
    </ClCompile>
    <ClCompile Include="..\EidolonBreach\src\Actions\EmberCallAction.cpp">
      <Filter>Actions</Filter>
    </ClCompile>
    <ClCompile Include="tests\Battle\test_StanceModifiers.cpp">
      <Filter>Battle</Filter>
    </ClCompile>
    <ClCompile Include="tests\Entities\test_Summon.cpp">
      <Filter>Entities</Filter>
    </ClCompile>
    <ClCompile Include="..\EidolonBreach\src\Battle\StanceModifiers.cpp">
      <Filter>Battle</Filter>
    </ClCompile>
    <ClCompile Include="tests\Items\test_ItemRegistry.cpp">
      <Filter>Items</Filter>
    </ClCompile>
    <ClCompile Include="..\EidolonBreach\src\Items\ItemRegistry.cpp">
      <Filter>Items</Filter>
    </ClCompile>
    <ClCompile Include="..\EidolonBreach\src\Entities\EnemyRegistry.cpp">
      <Filter>Entities</Filter>
    </ClCompile>
    <ClCompile Include="tests\Entities\test_EnemyRegistry.cpp">
      <Filter>Entities</Filter>
    </ClCompile>
    <ClCompile Include="tests\Characters\test_CharacterRegistry.cpp">
      <Filter>Characters</Filter>
    </ClCompile>
    <ClCompile Include="..\EidolonBreach\src\Characters\AbilityRegistry.cpp">
      <Filter>Characters</Filter>
    </ClCompile>
    <ClCompile Include="..\EidolonBreach\src\Characters\CharacterRegistry.cpp">
      <Filter>Characters</Filter>
    </ClCompile>
    <ClCompile Include="..\EidolonBreach\src\Core\DataLoader.cpp">
      <Filter>Core</Filter>
    </ClCompile>
    <ClCompile Include="..\EidolonBreach\src\Dungeon\EncounterTable.cpp">
      <Filter>Dungeon</Filter>
    </ClCompile>
    <ClCompile Include="tests\Core\test_MetaProgress.cpp">
      <Filter>Core</Filter>
    </ClCompile>
    <ClCompile Include="..\EidolonBreach\src\Core\MetaProgress.cpp">
      <Filter>Core</Filter>
    </ClCompile>
    <ClCompile Include="..\EidolonBreach\src\Vestiges\ResonantSurgevestige.cpp">
      <Filter>Vestiges</Filter>
    </ClCompile>
    <ClCompile Include="..\EidolonBreach\src\Vestiges\SwiftStrikeVestige.cpp">
      <Filter>Vestiges</Filter>
    </ClCompile>
    <ClCompile Include="..\EidolonBreach\src\Vestiges\VoidHungerVestige.cpp">
      <Filter>Vestiges</Filter>
    </ClCompile>
    <ClCompile Include="..\EidolonBreach\src\Actions\ZaraFrostBindAction.cpp">
      <Filter>Actions</Filter>
    </ClCompile>
    <ClCompile Include="..\EidolonBreach\src\Actions\VexBulwarkAction.cpp">
      <Filter>Actions</Filter>
    </ClCompile>
    <ClCompile Include="tests\Battle\test_FixedDungeon.cpp">
      <Filter>Battle</Filter>
    </ClCompile>
    <ClCompile Include="tests\Entities\test_ResonatingProc.cpp">
      <Filter>Entities</Filter>
    </ClCompile>
  </ItemGroup>
  <ItemGroup>
    <ClInclude Include="external\doctest.h">
      <Filter>Header Files</Filter>
    </ClInclude>
    <ClInclude Include="tests\test_helpers.h">
      <Filter>Header Files</Filter>
    </ClInclude>
    <ClInclude Include="tests\UI\test_NullRenderer.h">
      <Filter>UI</Filter>
    </ClInclude>
    <ClInclude Include="tests\UI\test_NullInputHandler.h">
      <Filter>UI</Filter>
    </ClInclude>
    <ClInclude Include="..\EidolonBreach\src\Core\ActionResult.h">
      <Filter>Core</Filter>
    </ClInclude>
  </ItemGroup>
</Project>